
Microsoft Visual Studio Solution File, Format Version 12.00
# Visual Studio 15
VisualStudioVersion = 15.0.27130.2010
MinimumVisualStudioVersion = 10.0.40219.1
Project("{FAE04EC0-301F-11D3-BF4B-00C04F79EFBC}") = "IJLYNIVFHP.CodeGen", "IJLYNIVFHP.CodeGen.csproj", "{C92C15B8-CE9F-4A20-B94D-F91F73F01E09}"
EndProject
Global
	GlobalSection(SolutionConfigurationPlatforms) = preSolution
		Debug|x86 = Debug|x86
		Release|x86 = Release|x86
	EndGlobalSection
	GlobalSection(ProjectConfigurationPlatforms) = postSolution
		{C92C15B8-CE9F-4A20-B94D-F91F73F01E09}.Debug|x86.ActiveCfg = Debug|x86
		{C92C15B8-CE9F-4A20-B94D-F91F73F01E09}.Debug|x86.Build.0 = Debug|x86
		{C92C15B8-CE9F-4A20-B94D-F91F73F01E09}.Release|x86.ActiveCfg = Release|x86
		{C92C15B8-CE9F-4A20-B94D-F91F73F01E09}.Release|x86.Build.0 = Release|x86
	EndGlobalSection
	GlobalSection(SolutionProperties) = preSolution
		HideSolutionNode = FALSE
	EndGlobalSection
	GlobalSection(ExtensibilityGlobals) = postSolution
		SolutionGuid = {D974CD7C-E727-4A34-9475-45FD25FB1FE6}
	EndGlobalSection
EndGlobal
