
Microsoft Visual Studio Solution File, Format Version 12.00
# Visual Studio 15
VisualStudioVersion = 15.0.27130.2010
MinimumVisualStudioVersion = 10.0.40219.1
Project("{FAE04EC0-301F-11D3-BF4B-00C04F79EFBC}") = "IJLYNIVFHP.CodeGen.BLL", "IJLYNIVFHP.CodeGen.BLL.csproj", "{E80E4568-4290-47F1-B78D-7C620B73FE87}"
EndProject
Global
	GlobalSection(SolutionConfigurationPlatforms) = preSolution
		Debug|Any CPU = Debug|Any CPU
		Release|Any CPU = Release|Any CPU
	EndGlobalSection
	GlobalSection(ProjectConfigurationPlatforms) = postSolution
		{E80E4568-4290-47F1-B78D-7C620B73FE87}.Debug|Any CPU.ActiveCfg = Debug|Any CPU
		{E80E4568-4290-47F1-B78D-7C620B73FE87}.Debug|Any CPU.Build.0 = Debug|Any CPU
		{E80E4568-4290-47F1-B78D-7C620B73FE87}.Release|Any CPU.ActiveCfg = Release|Any CPU
		{E80E4568-4290-47F1-B78D-7C620B73FE87}.Release|Any CPU.Build.0 = Release|Any CPU
	EndGlobalSection
	GlobalSection(SolutionProperties) = preSolution
		HideSolutionNode = FALSE
	EndGlobalSection
	GlobalSection(ExtensibilityGlobals) = postSolution
		SolutionGuid = {CCA3B053-A6D3-41AB-8D19-1CDFA0DCAB0B}
	EndGlobalSection
EndGlobal
